
Microsoft Visual Studio Solution File, Format Version 12.00
Project("{FAE04EC0-301F-11D3-BF4B-00C04F79EFBC}") = "PdfParser", "src\PdfParser\PdfParser.csproj", "{B5ABB69F-62FC-462A-A41C-ED89ECFDC56D}"
EndProject
Project("{FAE04EC0-301F-11D3-BF4B-00C04F79EFBC}") = "Greeana.PdfParser", "src\Greeana.PdfParser\Greeana.PdfParser.csproj", "{A1851C82-591D-46F3-AE8D-2B05C4E7B3E5}"
EndProject
Global
	GlobalSection(SolutionConfigurationPlatforms) = preSolution
		Debug|Any CPU = Debug|Any CPU
		Release|Any CPU = Release|Any CPU
	EndGlobalSection
	GlobalSection(ProjectConfigurationPlatforms) = postSolution
		{B5ABB69F-62FC-462A-A41C-ED89ECFDC56D}.Debug|Any CPU.ActiveCfg = Debug|Any CPU
		{B5ABB69F-62FC-462A-A41C-ED89ECFDC56D}.Debug|Any CPU.Build.0 = Debug|Any CPU
		{B5ABB69F-62FC-462A-A41C-ED89ECFDC56D}.Release|Any CPU.ActiveCfg = Release|Any CPU
		{B5ABB69F-62FC-462A-A41C-ED89ECFDC56D}.Release|Any CPU.Build.0 = Release|Any CPU
		{A1851C82-591D-46F3-AE8D-2B05C4E7B3E5}.Debug|Any CPU.ActiveCfg = Debug|Any CPU
		{A1851C82-591D-46F3-AE8D-2B05C4E7B3E5}.Debug|Any CPU.Build.0 = Debug|Any CPU
		{A1851C82-591D-46F3-AE8D-2B05C4E7B3E5}.Release|Any CPU.ActiveCfg = Release|Any CPU
		{A1851C82-591D-46F3-AE8D-2B05C4E7B3E5}.Release|Any CPU.Build.0 = Release|Any CPU
	EndGlobalSection
EndGlobal
